
Microsoft Visual Studio Solution File, Format Version 12.00
# Visual Studio Version 17
VisualStudioVersion = 17.1.32328.378
MinimumVisualStudioVersion = 10.0.40219.1
Project("{FAE04EC0-301F-11D3-BF4B-00C04F79EFBC}") = "lab1.net", "lab1.net.csproj", "{AE95A32F-E2A8-4108-8125-A32D33498B45}"
EndProject
Global
	GlobalSection(SolutionConfigurationPlatforms) = preSolution
		Debug|Any CPU = Debug|Any CPU
		Release|Any CPU = Release|Any CPU
	EndGlobalSection
	GlobalSection(ProjectConfigurationPlatforms) = postSolution
		{AE95A32F-E2A8-4108-8125-A32D33498B45}.Debug|Any CPU.ActiveCfg = Debug|Any CPU
		{AE95A32F-E2A8-4108-8125-A32D33498B45}.Debug|Any CPU.Build.0 = Debug|Any CPU
		{AE95A32F-E2A8-4108-8125-A32D33498B45}.Release|Any CPU.ActiveCfg = Release|Any CPU
		{AE95A32F-E2A8-4108-8125-A32D33498B45}.Release|Any CPU.Build.0 = Release|Any CPU
	EndGlobalSection
	GlobalSection(SolutionProperties) = preSolution
		HideSolutionNode = FALSE
	EndGlobalSection
	GlobalSection(ExtensibilityGlobals) = postSolution
		SolutionGuid = {8B7B9C4E-3E63-47B9-BDAD-1F8F986F00FC}
	EndGlobalSection
EndGlobal
